// !$*UTF8*$!
{
	archiveVersion = 1;
	classes = {
	};
	objectVersion = 77;
	objects = {

/* Begin PBXBuildFile section */
		BF4B83612D3EBDA2001F67CF /* UIKit.framework in Frameworks */ = {isa = PBXBuildFile; fileRef = BF4B83602D3EBDA2001F67CF /* UIKit.framework */; settings = {ATTRIBUTES = (Required, ); }; };
		BF4B83742D41227E001F67CF /* FirebaseAnalytics in Frameworks */ = {isa = PBXBuildFile; productRef = BF4B83732D41227E001F67CF /* FirebaseAnalytics */; };
		BF4B83762D41227E001F67CF /* FirebaseAnalyticsOnDeviceConversion in Frameworks */ = {isa = PBXBuildFile; productRef = BF4B83752D41227E001F67CF /* FirebaseAnalyticsOnDeviceConversion */; };
		BF4B83782D41227E001F67CF /* FirebaseAnalyticsWithoutAdIdSupport in Frameworks */ = {isa = PBXBuildFile; productRef = BF4B83772D41227E001F67CF /* FirebaseAnalyticsWithoutAdIdSupport */; };
		BF4B837A2D41227E001F67CF /* FirebaseAppCheck in Frameworks */ = {isa = PBXBuildFile; productRef = BF4B83792D41227E001F67CF /* FirebaseAppCheck */; };
		BF4B837C2D41227E001F67CF /* FirebaseAppDistribution-Beta in Frameworks */ = {isa = PBXBuildFile; productRef = BF4B837B2D41227E001F67CF /* FirebaseAppDistribution-Beta */; };
		BF4B83802D4125FD001F67CF /* FirebaseAuth in Frameworks */ = {isa = PBXBuildFile; productRef = BF4B837F2D4125FD001F67CF /* FirebaseAuth */; };
		BF4B83862D415639001F67CF /* GoogleService-Info.plist in Resources */ = {isa = PBXBuildFile; fileRef = BF4B83852D415639001F67CF /* GoogleService-Info.plist */; };
		BF4B83C62D427C37001F67CF /* FirebaseFirestore in Frameworks */ = {isa = PBXBuildFile; productRef = BF4B83C52D427C37001F67CF /* FirebaseFirestore */; };
		BF83B1B42D467CE30082A83C /* SwiftMXL in Frameworks */ = {isa = PBXBuildFile; productRef = BF83B1B32D467CE30082A83C /* SwiftMXL */; };
/* End PBXBuildFile section */

/* Begin PBXContainerItemProxy section */
		BF3B19842D3692C7002A38A0 /* PBXContainerItemProxy */ = {
			isa = PBXContainerItemProxy;
			containerPortal = BF3B196A2D3692C5002A38A0 /* Project object */;
			proxyType = 1;
			remoteGlobalIDString = BF3B19712D3692C5002A38A0;
			remoteInfo = VT6002CEM;
		};
		BF3B198E2D3692C7002A38A0 /* PBXContainerItemProxy */ = {
			isa = PBXContainerItemProxy;
			containerPortal = BF3B196A2D3692C5002A38A0 /* Project object */;
			proxyType = 1;
			remoteGlobalIDString = BF3B19712D3692C5002A38A0;
			remoteInfo = VT6002CEM;
		};
/* End PBXContainerItemProxy section */

/* Begin PBXFileReference section */
		BF3B19722D3692C5002A38A0 /* VT6002CEM.app */ = {isa = PBXFileReference; explicitFileType = wrapper.application; includeInIndex = 0; path = VT6002CEM.app; sourceTree = BUILT_PRODUCTS_DIR; };
		BF3B19832D3692C7002A38A0 /* VT6002CEMTests.xctest */ = {isa = PBXFileReference; explicitFileType = wrapper.cfbundle; includeInIndex = 0; path = VT6002CEMTests.xctest; sourceTree = BUILT_PRODUCTS_DIR; };
		BF3B198D2D3692C7002A38A0 /* VT6002CEMUITests.xctest */ = {isa = PBXFileReference; explicitFileType = wrapper.cfbundle; includeInIndex = 0; path = VT6002CEMUITests.xctest; sourceTree = BUILT_PRODUCTS_DIR; };
		BF4B83602D3EBDA2001F67CF /* UIKit.framework */ = {isa = PBXFileReference; lastKnownFileType = wrapper.framework; name = UIKit.framework; path = Platforms/iPhoneOS.platform/Developer/SDKs/iPhoneOS18.1.sdk/System/Library/Frameworks/UIKit.framework; sourceTree = DEVELOPER_DIR; };
		BF4B83852D415639001F67CF /* GoogleService-Info.plist */ = {isa = PBXFileReference; lastKnownFileType = text.plist.xml; path = "GoogleService-Info.plist"; sourceTree = "<group>"; };
/* End PBXFileReference section */

/* Begin PBXFileSystemSynchronizedRootGroup section */
		BF3B19742D3692C5002A38A0 /* VT6002CEM */ = {
			isa = PBXFileSystemSynchronizedRootGroup;
			path = VT6002CEM;
			sourceTree = "<group>";
		};
		BF3B19862D3692C7002A38A0 /* VT6002CEMTests */ = {
			isa = PBXFileSystemSynchronizedRootGroup;
			path = VT6002CEMTests;
			sourceTree = "<group>";
		};
		BF3B19902D3692C7002A38A0 /* VT6002CEMUITests */ = {
			isa = PBXFileSystemSynchronizedRootGroup;
			path = VT6002CEMUITests;
			sourceTree = "<group>";
		};
/* End PBXFileSystemSynchronizedRootGroup section */

/* Begin PBXFrameworksBuildPhase section */
		BF3B196F2D3692C5002A38A0 /* Frameworks */ = {
			isa = PBXFrameworksBuildPhase;
			buildActionMask = 2147483647;
			files = (
				BF4B83742D41227E001F67CF /* FirebaseAnalytics in Frameworks */,
				BF4B83762D41227E001F67CF /* FirebaseAnalyticsOnDeviceConversion in Frameworks */,
				BF4B83612D3EBDA2001F67CF /* UIKit.framework in Frameworks */,
				BF4B837A2D41227E001F67CF /* FirebaseAppCheck in Frameworks */,
				BF4B83782D41227E001F67CF /* FirebaseAnalyticsWithoutAdIdSupport in Frameworks */,
				BF4B83C62D427C37001F67CF /* FirebaseFirestore in Frameworks */,
				BF4B83802D4125FD001F67CF /* FirebaseAuth in Frameworks */,
				BF4B837C2D41227E001F67CF /* FirebaseAppDistribution-Beta in Frameworks */,
				BF83B1B42D467CE30082A83C /* SwiftMXL in Frameworks */,
			);
			runOnlyForDeploymentPostprocessing = 0;
		};
		BF3B19802D3692C7002A38A0 /* Frameworks */ = {
			isa = PBXFrameworksBuildPhase;
			buildActionMask = 2147483647;
			files = (
			);
			runOnlyForDeploymentPostprocessing = 0;
		};
		BF3B198A2D3692C7002A38A0 /* Frameworks */ = {
			isa = PBXFrameworksBuildPhase;
			buildActionMask = 2147483647;
			files = (
			);
			runOnlyForDeploymentPostprocessing = 0;
		};
/* End PBXFrameworksBuildPhase section */

/* Begin PBXGroup section */
		BF3B19692D3692C5002A38A0 = {
			isa = PBXGroup;
			children = (
				BF3B19742D3692C5002A38A0 /* VT6002CEM */,
				BF3B19862D3692C7002A38A0 /* VT6002CEMTests */,
				BF3B19902D3692C7002A38A0 /* VT6002CEMUITests */,
				BF4B835F2D3EBDA2001F67CF /* Frameworks */,
				BF3B19732D3692C5002A38A0 /* Products */,
			);
			sourceTree = "<group>";
		};
		BF3B19732D3692C5002A38A0 /* Products */ = {
			isa = PBXGroup;
			children = (
				BF3B19722D3692C5002A38A0 /* VT6002CEM.app */,
				BF3B19832D3692C7002A38A0 /* VT6002CEMTests.xctest */,
				BF3B198D2D3692C7002A38A0 /* VT6002CEMUITests.xctest */,
			);
			name = Products;
			sourceTree = "<group>";
		};
		BF4B835F2D3EBDA2001F67CF /* Frameworks */ = {
			isa = PBXGroup;
			children = (
				BF4B83852D415639001F67CF /* GoogleService-Info.plist */,
				BF4B83602D3EBDA2001F67CF /* UIKit.framework */,
			);
			name = Frameworks;
			sourceTree = "<group>";
		};
/* End PBXGroup section */

/* Begin PBXNativeTarget section */
		BF3B19712D3692C5002A38A0 /* VT6002CEM */ = {
			isa = PBXNativeTarget;
			buildConfigurationList = BF3B19972D3692C7002A38A0 /* Build configuration list for PBXNativeTarget "VT6002CEM" */;
			buildPhases = (
				BF3B196E2D3692C5002A38A0 /* Sources */,
				BF3B196F2D3692C5002A38A0 /* Frameworks */,
				BF3B19702D3692C5002A38A0 /* Resources */,
			);
			buildRules = (
			);
			dependencies = (
			);
			fileSystemSynchronizedGroups = (
				BF3B19742D3692C5002A38A0 /* VT6002CEM */,
			);
			name = VT6002CEM;
			packageProductDependencies = (
				BF4B83732D41227E001F67CF /* FirebaseAnalytics */,
				BF4B83752D41227E001F67CF /* FirebaseAnalyticsOnDeviceConversion */,
				BF4B83772D41227E001F67CF /* FirebaseAnalyticsWithoutAdIdSupport */,
				BF4B83792D41227E001F67CF /* FirebaseAppCheck */,
				BF4B837B2D41227E001F67CF /* FirebaseAppDistribution-Beta */,
				BF4B837F2D4125FD001F67CF /* FirebaseAuth */,
				BF4B83C52D427C37001F67CF /* FirebaseFirestore */,
				BFC005BD2D42D22300FE0703 /* CBass */,
				BFC005E62D42D42B00FE0703 /* AudioVisualizer */,
				BFC005F22D42D9D300FE0703 /* AudioVisualizer */,
				BFC005F42D42D9D300FE0703 /* Transition */,
				BF03FF4A2D42DFDD008BAD9D /* MusicXML */,
				BF01AC552D45BCB100B8F30A /* MusicXML */,
				BF83B1B32D467CE30082A83C /* SwiftMXL */,
			);
			productName = VT6002CEM;
			productReference = BF3B19722D3692C5002A38A0 /* VT6002CEM.app */;
			productType = "com.apple.product-type.application";
		};
		BF3B19822D3692C7002A38A0 /* VT6002CEMTests */ = {
			isa = PBXNativeTarget;
			buildConfigurationList = BF3B199A2D3692C7002A38A0 /* Build configuration list for PBXNativeTarget "VT6002CEMTests" */;
			buildPhases = (
				BF3B197F2D3692C7002A38A0 /* Sources */,
				BF3B19802D3692C7002A38A0 /* Frameworks */,
				BF3B19812D3692C7002A38A0 /* Resources */,
			);
			buildRules = (
			);
			dependencies = (
				BF3B19852D3692C7002A38A0 /* PBXTargetDependency */,
			);
			fileSystemSynchronizedGroups = (
				BF3B19862D3692C7002A38A0 /* VT6002CEMTests */,
			);
			name = VT6002CEMTests;
			packageProductDependencies = (
			);
			productName = VT6002CEMTests;
			productReference = BF3B19832D3692C7002A38A0 /* VT6002CEMTests.xctest */;
			productType = "com.apple.product-type.bundle.unit-test";
		};
		BF3B198C2D3692C7002A38A0 /* VT6002CEMUITests */ = {
			isa = PBXNativeTarget;
			buildConfigurationList = BF3B199D2D3692C7002A38A0 /* Build configuration list for PBXNativeTarget "VT6002CEMUITests" */;
			buildPhases = (
				BF3B19892D3692C7002A38A0 /* Sources */,
				BF3B198A2D3692C7002A38A0 /* Frameworks */,
				BF3B198B2D3692C7002A38A0 /* Resources */,
			);
			buildRules = (
			);
			dependencies = (
				BF3B198F2D3692C7002A38A0 /* PBXTargetDependency */,
			);
			fileSystemSynchronizedGroups = (
				BF3B19902D3692C7002A38A0 /* VT6002CEMUITests */,
			);
			name = VT6002CEMUITests;
			packageProductDependencies = (
			);
			productName = VT6002CEMUITests;
			productReference = BF3B198D2D3692C7002A38A0 /* VT6002CEMUITests.xctest */;
			productType = "com.apple.product-type.bundle.ui-testing";
		};
/* End PBXNativeTarget section */

/* Begin PBXProject section */
		BF3B196A2D3692C5002A38A0 /* Project object */ = {
			isa = PBXProject;
			attributes = {
				BuildIndependentTargetsInParallel = 1;
				LastSwiftUpdateCheck = 1610;
				LastUpgradeCheck = 1610;
				TargetAttributes = {
					BF3B19712D3692C5002A38A0 = {
						CreatedOnToolsVersion = 16.1;
					};
					BF3B19822D3692C7002A38A0 = {
						CreatedOnToolsVersion = 16.1;
						TestTargetID = BF3B19712D3692C5002A38A0;
					};
					BF3B198C2D3692C7002A38A0 = {
						CreatedOnToolsVersion = 16.1;
						TestTargetID = BF3B19712D3692C5002A38A0;
					};
				};
			};
			buildConfigurationList = BF3B196D2D3692C5002A38A0 /* Build configuration list for PBXProject "VT6002CEM" */;
			developmentRegion = en;
			hasScannedForEncodings = 0;
			knownRegions = (
				en,
				Base,
			);
			mainGroup = BF3B19692D3692C5002A38A0;
			minimizedProjectReferenceProxies = 1;
			packageReferences = (
				BF4B83722D411BF8001F67CF /* XCRemoteSwiftPackageReference "firebase-ios-sdk" */,
				BF83B1B22D467CE30082A83C /* XCRemoteSwiftPackageReference "SwiftMXL" */,
			);
			preferredProjectObjectVersion = 77;
			productRefGroup = BF3B19732D3692C5002A38A0 /* Products */;
			projectDirPath = "";
			projectRoot = "";
			targets = (
				BF3B19712D3692C5002A38A0 /* VT6002CEM */,
				BF3B19822D3692C7002A38A0 /* VT6002CEMTests */,
				BF3B198C2D3692C7002A38A0 /* VT6002CEMUITests */,
			);
		};
/* End PBXProject section */

/* Begin PBXResourcesBuildPhase section */
		BF3B19702D3692C5002A38A0 /* Resources */ = {
			isa = PBXResourcesBuildPhase;
			buildActionMask = 2147483647;
			files = (
				BF4B83862D415639001F67CF /* GoogleService-Info.plist in Resources */,
			);
			runOnlyForDeploymentPostprocessing = 0;
		};
		BF3B19812D3692C7002A38A0 /* Resources */ = {
			isa = PBXResourcesBuildPhase;
			buildActionMask = 2147483647;
			files = (
			);
			runOnlyForDeploymentPostprocessing = 0;
		};
		BF3B198B2D3692C7002A38A0 /* Resources */ = {
			isa = PBXResourcesBuildPhase;
			buildActionMask = 2147483647;
			files = (
			);
			runOnlyForDeploymentPostprocessing = 0;
		};
/* End PBXResourcesBuildPhase section */

/* Begin PBXSourcesBuildPhase section */
		BF3B196E2D3692C5002A38A0 /* Sources */ = {
			isa = PBXSourcesBuildPhase;
			buildActionMask = 2147483647;
			files = (
			);
			runOnlyForDeploymentPostprocessing = 0;
		};
		BF3B197F2D3692C7002A38A0 /* Sources */ = {
			isa = PBXSourcesBuildPhase;
			buildActionMask = 2147483647;
			files = (
			);
			runOnlyForDeploymentPostprocessing = 0;
		};
		BF3B19892D3692C7002A38A0 /* Sources */ = {
			isa = PBXSourcesBuildPhase;
			buildActionMask = 2147483647;
			files = (
			);
			runOnlyForDeploymentPostprocessing = 0;
		};
/* End PBXSourcesBuildPhase section */

/* Begin PBXTargetDependency section */
		BF3B19852D3692C7002A38A0 /* PBXTargetDependency */ = {
			isa = PBXTargetDependency;
			target = BF3B19712D3692C5002A38A0 /* VT6002CEM */;
			targetProxy = BF3B19842D3692C7002A38A0 /* PBXContainerItemProxy */;
		};
		BF3B198F2D3692C7002A38A0 /* PBXTargetDependency */ = {
			isa = PBXTargetDependency;
			target = BF3B19712D3692C5002A38A0 /* VT6002CEM */;
			targetProxy = BF3B198E2D3692C7002A38A0 /* PBXContainerItemProxy */;
		};
/* End PBXTargetDependency section */

/* Begin XCBuildConfiguration section */
		BF3B19952D3692C7002A38A0 /* Debug */ = {
			isa = XCBuildConfiguration;
			buildSettings = {
				ALWAYS_SEARCH_USER_PATHS = NO;
				ASSETCATALOG_COMPILER_GENERATE_SWIFT_ASSET_SYMBOL_EXTENSIONS = YES;
				CLANG_ANALYZER_NONNULL = YES;
				CLANG_ANALYZER_NUMBER_OBJECT_CONVERSION = YES_AGGRESSIVE;
				CLANG_CXX_LANGUAGE_STANDARD = "gnu++20";
				CLANG_ENABLE_MODULES = YES;
				CLANG_ENABLE_OBJC_ARC = YES;
				CLANG_ENABLE_OBJC_WEAK = YES;
				CLANG_WARN_BLOCK_CAPTURE_AUTORELEASING = YES;
				CLANG_WARN_BOOL_CONVERSION = YES;
				CLANG_WARN_COMMA = YES;
				CLANG_WARN_CONSTANT_CONVERSION = YES;
				CLANG_WARN_DEPRECATED_OBJC_IMPLEMENTATIONS = YES;
				CLANG_WARN_DIRECT_OBJC_ISA_USAGE = YES_ERROR;
				CLANG_WARN_DOCUMENTATION_COMMENTS = YES;
				CLANG_WARN_EMPTY_BODY = YES;
				CLANG_WARN_ENUM_CONVERSION = YES;
				CLANG_WARN_INFINITE_RECURSION = YES;
				CLANG_WARN_INT_CONVERSION = YES;
				CLANG_WARN_NON_LITERAL_NULL_CONVERSION = YES;
				CLANG_WARN_OBJC_IMPLICIT_RETAIN_SELF = YES;
				CLANG_WARN_OBJC_LITERAL_CONVERSION = YES;
				CLANG_WARN_OBJC_ROOT_CLASS = YES_ERROR;
				CLANG_WARN_QUOTED_INCLUDE_IN_FRAMEWORK_HEADER = YES;
				CLANG_WARN_RANGE_LOOP_ANALYSIS = YES;
				CLANG_WARN_STRICT_PROTOTYPES = YES;
				CLANG_WARN_SUSPICIOUS_MOVE = YES;
				CLANG_WARN_UNGUARDED_AVAILABILITY = YES_AGGRESSIVE;
				CLANG_WARN_UNREACHABLE_CODE = YES;
				CLANG_WARN__DUPLICATE_METHOD_MATCH = YES;
				COPY_PHASE_STRIP = NO;
				DEBUG_INFORMATION_FORMAT = dwarf;
				ENABLE_STRICT_OBJC_MSGSEND = YES;
				ENABLE_TESTABILITY = YES;
				ENABLE_USER_SCRIPT_SANDBOXING = YES;
				GCC_C_LANGUAGE_STANDARD = gnu17;
				GCC_DYNAMIC_NO_PIC = NO;
				GCC_NO_COMMON_BLOCKS = YES;
				GCC_OPTIMIZATION_LEVEL = 0;
				GCC_PREPROCESSOR_DEFINITIONS = (
					"DEBUG=1",
					"$(inherited)",
				);
				GCC_WARN_64_TO_32_BIT_CONVERSION = YES;
				GCC_WARN_ABOUT_RETURN_TYPE = YES_ERROR;
				GCC_WARN_UNDECLARED_SELECTOR = YES;
				GCC_WARN_UNINITIALIZED_AUTOS = YES_AGGRESSIVE;
				GCC_WARN_UNUSED_FUNCTION = YES;
				GCC_WARN_UNUSED_VARIABLE = YES;
				INFOPLIST_KEY_NSCameraUsageDescription = "";
				LOCALIZATION_PREFERS_STRING_CATALOGS = YES;
				MTL_ENABLE_DEBUG_INFO = INCLUDE_SOURCE;
				MTL_FAST_MATH = YES;
				ONLY_ACTIVE_ARCH = YES;
				SWIFT_ACTIVE_COMPILATION_CONDITIONS = "DEBUG $(inherited)";
				SWIFT_OPTIMIZATION_LEVEL = "-Onone";
			};
			name = Debug;
		};
		BF3B19962D3692C7002A38A0 /* Release */ = {
			isa = XCBuildConfiguration;
			buildSettings = {
				ALWAYS_SEARCH_USER_PATHS = NO;
				ASSETCATALOG_COMPILER_GENERATE_SWIFT_ASSET_SYMBOL_EXTENSIONS = YES;
				CLANG_ANALYZER_NONNULL = YES;
				CLANG_ANALYZER_NUMBER_OBJECT_CONVERSION = YES_AGGRESSIVE;
				CLANG_CXX_LANGUAGE_STANDARD = "gnu++20";
				CLANG_ENABLE_MODULES = YES;
				CLANG_ENABLE_OBJC_ARC = YES;
				CLANG_ENABLE_OBJC_WEAK = YES;
				CLANG_WARN_BLOCK_CAPTURE_AUTORELEASING = YES;
				CLANG_WARN_BOOL_CONVERSION = YES;
				CLANG_WARN_COMMA = YES;
				CLANG_WARN_CONSTANT_CONVERSION = YES;
				CLANG_WARN_DEPRECATED_OBJC_IMPLEMENTATIONS = YES;
				CLANG_WARN_DIRECT_OBJC_ISA_USAGE = YES_ERROR;
				CLANG_WARN_DOCUMENTATION_COMMENTS = YES;
				CLANG_WARN_EMPTY_BODY = YES;
				CLANG_WARN_ENUM_CONVERSION = YES;
				CLANG_WARN_INFINITE_RECURSION = YES;
				CLANG_WARN_INT_CONVERSION = YES;
				CLANG_WARN_NON_LITERAL_NULL_CONVERSION = YES;
				CLANG_WARN_OBJC_IMPLICIT_RETAIN_SELF = YES;
				CLANG_WARN_OBJC_LITERAL_CONVERSION = YES;
				CLANG_WARN_OBJC_ROOT_CLASS = YES_ERROR;
				CLANG_WARN_QUOTED_INCLUDE_IN_FRAMEWORK_HEADER = YES;
				CLANG_WARN_RANGE_LOOP_ANALYSIS = YES;
				CLANG_WARN_STRICT_PROTOTYPES = YES;
				CLANG_WARN_SUSPICIOUS_MOVE = YES;
				CLANG_WARN_UNGUARDED_AVAILABILITY = YES_AGGRESSIVE;
				CLANG_WARN_UNREACHABLE_CODE = YES;
				CLANG_WARN__DUPLICATE_METHOD_MATCH = YES;
				COPY_PHASE_STRIP = NO;
				DEBUG_INFORMATION_FORMAT = "dwarf-with-dsym";
				ENABLE_NS_ASSERTIONS = NO;
				ENABLE_STRICT_OBJC_MSGSEND = YES;
				ENABLE_USER_SCRIPT_SANDBOXING = YES;
				GCC_C_LANGUAGE_STANDARD = gnu17;
				GCC_NO_COMMON_BLOCKS = YES;
				GCC_WARN_64_TO_32_BIT_CONVERSION = YES;
				GCC_WARN_ABOUT_RETURN_TYPE = YES_ERROR;
				GCC_WARN_UNDECLARED_SELECTOR = YES;
				GCC_WARN_UNINITIALIZED_AUTOS = YES_AGGRESSIVE;
				GCC_WARN_UNUSED_FUNCTION = YES;
				GCC_WARN_UNUSED_VARIABLE = YES;
				INFOPLIST_KEY_NSCameraUsageDescription = "Use for AR";
				LOCALIZATION_PREFERS_STRING_CATALOGS = YES;
				MTL_ENABLE_DEBUG_INFO = NO;
				MTL_FAST_MATH = YES;
				SWIFT_COMPILATION_MODE = wholemodule;
			};
			name = Release;
		};
		BF3B19982D3692C7002A38A0 /* Debug */ = {
			isa = XCBuildConfiguration;
			buildSettings = {
				ASSETCATALOG_COMPILER_APPICON_NAME = AppIcon;
				ASSETCATALOG_COMPILER_GLOBAL_ACCENT_COLOR_NAME = AccentColor;
				ASSETCATALOG_COMPILER_INCLUDE_ALL_APPICON_ASSETS = NO;
				CODE_SIGN_ENTITLEMENTS = VT6002CEM/VT6002CEM.entitlements;
				CODE_SIGN_STYLE = Automatic;
				CURRENT_PROJECT_VERSION = 1;
				DEVELOPMENT_ASSET_PATHS = "\"VT6002CEM/Preview Content\"";
				DEVELOPMENT_TEAM = 934KK5L9YC;
				ENABLE_HARDENED_RUNTIME = YES;
				ENABLE_PREVIEWS = YES;
				GENERATE_INFOPLIST_FILE = YES;
				INFOPLIST_KEY_NSFaceIDUsageDescription = "We use Face ID to provide a seamless login experience.\n";
				"INFOPLIST_KEY_UIApplicationSceneManifest_Generation[sdk=iphoneos*]" = YES;
				"INFOPLIST_KEY_UIApplicationSceneManifest_Generation[sdk=iphonesimulator*]" = YES;
				"INFOPLIST_KEY_UIApplicationSupportsIndirectInputEvents[sdk=iphoneos*]" = YES;
				"INFOPLIST_KEY_UIApplicationSupportsIndirectInputEvents[sdk=iphonesimulator*]" = YES;
				"INFOPLIST_KEY_UILaunchScreen_Generation[sdk=iphoneos*]" = YES;
				"INFOPLIST_KEY_UILaunchScreen_Generation[sdk=iphonesimulator*]" = YES;
				INFOPLIST_KEY_UIStatusBarStyle = "";
				"INFOPLIST_KEY_UIStatusBarStyle[sdk=iphoneos*]" = UIStatusBarStyleDefault;
				"INFOPLIST_KEY_UIStatusBarStyle[sdk=iphonesimulator*]" = UIStatusBarStyleDefault;
				INFOPLIST_KEY_UISupportedInterfaceOrientations_iPad = "UIInterfaceOrientationPortrait UIInterfaceOrientationPortraitUpsideDown UIInterfaceOrientationLandscapeLeft UIInterfaceOrientationLandscapeRight";
				INFOPLIST_KEY_UISupportedInterfaceOrientations_iPhone = "UIInterfaceOrientationPortrait UIInterfaceOrientationLandscapeLeft UIInterfaceOrientationLandscapeRight";
				IPHONEOS_DEPLOYMENT_TARGET = 18.1;
				LD_RUNPATH_SEARCH_PATHS = "@executable_path/Frameworks";
				"LD_RUNPATH_SEARCH_PATHS[sdk=macosx*]" = "@executable_path/../Frameworks";
				MACOSX_DEPLOYMENT_TARGET = 15.1;
				MARKETING_VERSION = 1.0;
				PRODUCT_BUNDLE_IDENTIFIER = fu.VT6002CEM;
				PRODUCT_NAME = "$(TARGET_NAME)";
				SDKROOT = iphoneos;
				SUPPORTED_PLATFORMS = "iphonesimulator iphoneos";
				SWIFT_EMIT_LOC_STRINGS = YES;
				SWIFT_VERSION = 5.0;
				TARGETED_DEVICE_FAMILY = "1,2";
				XROS_DEPLOYMENT_TARGET = 2.1;
			};
			name = Debug;
		};
		BF3B19992D3692C7002A38A0 /* Release */ = {
			isa = XCBuildConfiguration;
			buildSettings = {
				ASSETCATALOG_COMPILER_APPICON_NAME = AppIcon;
				ASSETCATALOG_COMPILER_GLOBAL_ACCENT_COLOR_NAME = AccentColor;
				ASSETCATALOG_COMPILER_INCLUDE_ALL_APPICON_ASSETS = NO;
				CODE_SIGN_ENTITLEMENTS = VT6002CEM/VT6002CEM.entitlements;
				CODE_SIGN_STYLE = Automatic;
				CURRENT_PROJECT_VERSION = 1;
				DEVELOPMENT_ASSET_PATHS = "\"VT6002CEM/Preview Content\"";
				DEVELOPMENT_TEAM = 934KK5L9YC;
				ENABLE_HARDENED_RUNTIME = YES;
				ENABLE_PREVIEWS = YES;
				GENERATE_INFOPLIST_FILE = YES;
				INFOPLIST_KEY_NSFaceIDUsageDescription = "We use Face ID to provide a seamless login experience.\n";
				"INFOPLIST_KEY_UIApplicationSceneManifest_Generation[sdk=iphoneos*]" = YES;
				"INFOPLIST_KEY_UIApplicationSceneManifest_Generation[sdk=iphonesimulator*]" = YES;
				"INFOPLIST_KEY_UIApplicationSupportsIndirectInputEvents[sdk=iphoneos*]" = YES;
				"INFOPLIST_KEY_UIApplicationSupportsIndirectInputEvents[sdk=iphonesimulator*]" = YES;
				"INFOPLIST_KEY_UILaunchScreen_Generation[sdk=iphoneos*]" = YES;
				"INFOPLIST_KEY_UILaunchScreen_Generation[sdk=iphonesimulator*]" = YES;
				INFOPLIST_KEY_UIStatusBarStyle = "";
				"INFOPLIST_KEY_UIStatusBarStyle[sdk=iphoneos*]" = UIStatusBarStyleDefault;
				"INFOPLIST_KEY_UIStatusBarStyle[sdk=iphonesimulator*]" = UIStatusBarStyleDefault;
				INFOPLIST_KEY_UISupportedInterfaceOrientations_iPad = "UIInterfaceOrientationPortrait UIInterfaceOrientationPortraitUpsideDown UIInterfaceOrientationLandscapeLeft UIInterfaceOrientationLandscapeRight";
				INFOPLIST_KEY_UISupportedInterfaceOrientations_iPhone = "UIInterfaceOrientationPortrait UIInterfaceOrientationLandscapeLeft UIInterfaceOrientationLandscapeRight";
				IPHONEOS_DEPLOYMENT_TARGET = 18.1;
				LD_RUNPATH_SEARCH_PATHS = "@executable_path/Frameworks";
				"LD_RUNPATH_SEARCH_PATHS[sdk=macosx*]" = "@executable_path/../Frameworks";
				MACOSX_DEPLOYMENT_TARGET = 15.1;
				MARKETING_VERSION = 1.0;
				PRODUCT_BUNDLE_IDENTIFIER = fu.VT6002CEM;
				PRODUCT_NAME = "$(TARGET_NAME)";
				SDKROOT = iphoneos;
				SUPPORTED_PLATFORMS = "iphonesimulator iphoneos";
				SWIFT_EMIT_LOC_STRINGS = YES;
				SWIFT_VERSION = 5.0;
				TARGETED_DEVICE_FAMILY = "1,2";
				XROS_DEPLOYMENT_TARGET = 2.1;
			};
			name = Release;
		};
		BF3B199B2D3692C7002A38A0 /* Debug */ = {
			isa = XCBuildConfiguration;
			buildSettings = {
				BUNDLE_LOADER = "$(TEST_HOST)";
				CODE_SIGN_STYLE = Automatic;
				CURRENT_PROJECT_VERSION = 1;
				DEVELOPMENT_TEAM = 934KK5L9YC;
				GENERATE_INFOPLIST_FILE = YES;
				IPHONEOS_DEPLOYMENT_TARGET = 18.1;
				MACOSX_DEPLOYMENT_TARGET = 15.1;
				MARKETING_VERSION = 1.0;
				PRODUCT_BUNDLE_IDENTIFIER = fu.VT6002CEMTests;
				PRODUCT_NAME = "$(TARGET_NAME)";
				SDKROOT = auto;
				SUPPORTED_PLATFORMS = "iphoneos iphonesimulator macosx xros xrsimulator";
				SWIFT_EMIT_LOC_STRINGS = NO;
				SWIFT_VERSION = 5.0;
				TARGETED_DEVICE_FAMILY = "1,2,7";
				TEST_HOST = "$(BUILT_PRODUCTS_DIR)/VT6002CEM.app/$(BUNDLE_EXECUTABLE_FOLDER_PATH)/VT6002CEM";
				XROS_DEPLOYMENT_TARGET = 2.1;
			};
			name = Debug;
		};
		BF3B199C2D3692C7002A38A0 /* Release */ = {
			isa = XCBuildConfiguration;
			buildSettings = {
				BUNDLE_LOADER = "$(TEST_HOST)";
				CODE_SIGN_STYLE = Automatic;
				CURRENT_PROJECT_VERSION = 1;
				DEVELOPMENT_TEAM = 934KK5L9YC;
				GENERATE_INFOPLIST_FILE = YES;
				IPHONEOS_DEPLOYMENT_TARGET = 18.1;
				MACOSX_DEPLOYMENT_TARGET = 15.1;
				MARKETING_VERSION = 1.0;
				PRODUCT_BUNDLE_IDENTIFIER = fu.VT6002CEMTests;
				PRODUCT_NAME = "$(TARGET_NAME)";
				SDKROOT = auto;
				SUPPORTED_PLATFORMS = "iphoneos iphonesimulator macosx xros xrsimulator";
				SWIFT_EMIT_LOC_STRINGS = NO;
				SWIFT_VERSION = 5.0;
				TARGETED_DEVICE_FAMILY = "1,2,7";
				TEST_HOST = "$(BUILT_PRODUCTS_DIR)/VT6002CEM.app/$(BUNDLE_EXECUTABLE_FOLDER_PATH)/VT6002CEM";
				XROS_DEPLOYMENT_TARGET = 2.1;
			};
			name = Release;
		};
		BF3B199E2D3692C7002A38A0 /* Debug */ = {
			isa = XCBuildConfiguration;
			buildSettings = {
				CODE_SIGN_STYLE = Automatic;
				CURRENT_PROJECT_VERSION = 1;
				DEVELOPMENT_TEAM = 934KK5L9YC;
				GENERATE_INFOPLIST_FILE = YES;
				IPHONEOS_DEPLOYMENT_TARGET = 18.1;
				MACOSX_DEPLOYMENT_TARGET = 15.1;
				MARKETING_VERSION = 1.0;
				PRODUCT_BUNDLE_IDENTIFIER = fu.VT6002CEMUITests;
				PRODUCT_NAME = "$(TARGET_NAME)";
				SDKROOT = auto;
				SUPPORTED_PLATFORMS = "iphoneos iphonesimulator macosx xros xrsimulator";
				SWIFT_EMIT_LOC_STRINGS = NO;
				SWIFT_VERSION = 5.0;
				TARGETED_DEVICE_FAMILY = "1,2,7";
				TEST_TARGET_NAME = VT6002CEM;
				XROS_DEPLOYMENT_TARGET = 2.1;
			};
			name = Debug;
		};
		BF3B199F2D3692C7002A38A0 /* Release */ = {
			isa = XCBuildConfiguration;
			buildSettings = {
				CODE_SIGN_STYLE = Automatic;
				CURRENT_PROJECT_VERSION = 1;
				DEVELOPMENT_TEAM = 934KK5L9YC;
				GENERATE_INFOPLIST_FILE = YES;
				IPHONEOS_DEPLOYMENT_TARGET = 18.1;
				MACOSX_DEPLOYMENT_TARGET = 15.1;
				MARKETING_VERSION = 1.0;
				PRODUCT_BUNDLE_IDENTIFIER = fu.VT6002CEMUITests;
				PRODUCT_NAME = "$(TARGET_NAME)";
				SDKROOT = auto;
				SUPPORTED_PLATFORMS = "iphoneos iphonesimulator macosx xros xrsimulator";
				SWIFT_EMIT_LOC_STRINGS = NO;
				SWIFT_VERSION = 5.0;
				TARGETED_DEVICE_FAMILY = "1,2,7";
				TEST_TARGET_NAME = VT6002CEM;
				XROS_DEPLOYMENT_TARGET = 2.1;
			};
			name = Release;
		};
/* End XCBuildConfiguration section */

/* Begin XCConfigurationList section */
		BF3B196D2D3692C5002A38A0 /* Build configuration list for PBXProject "VT6002CEM" */ = {
			isa = XCConfigurationList;
			buildConfigurations = (
				BF3B19952D3692C7002A38A0 /* Debug */,
				BF3B19962D3692C7002A38A0 /* Release */,
			);
			defaultConfigurationIsVisible = 0;
			defaultConfigurationName = Release;
		};
		BF3B19972D3692C7002A38A0 /* Build configuration list for PBXNativeTarget "VT6002CEM" */ = {
			isa = XCConfigurationList;
			buildConfigurations = (
				BF3B19982D3692C7002A38A0 /* Debug */,
				BF3B19992D3692C7002A38A0 /* Release */,
			);
			defaultConfigurationIsVisible = 0;
			defaultConfigurationName = Release;
		};
		BF3B199A2D3692C7002A38A0 /* Build configuration list for PBXNativeTarget "VT6002CEMTests" */ = {
			isa = XCConfigurationList;
			buildConfigurations = (
				BF3B199B2D3692C7002A38A0 /* Debug */,
				BF3B199C2D3692C7002A38A0 /* Release */,
			);
			defaultConfigurationIsVisible = 0;
			defaultConfigurationName = Release;
		};
		BF3B199D2D3692C7002A38A0 /* Build configuration list for PBXNativeTarget "VT6002CEMUITests" */ = {
			isa = XCConfigurationList;
			buildConfigurations = (
				BF3B199E2D3692C7002A38A0 /* Debug */,
				BF3B199F2D3692C7002A38A0 /* Release */,
			);
			defaultConfigurationIsVisible = 0;
			defaultConfigurationName = Release;
		};
/* End XCConfigurationList section */

/* Begin XCRemoteSwiftPackageReference section */
		BF4B83722D411BF8001F67CF /* XCRemoteSwiftPackageReference "firebase-ios-sdk" */ = {
			isa = XCRemoteSwiftPackageReference;
			repositoryURL = "https://github.com/firebase/firebase-ios-sdk";
			requirement = {
				kind = upToNextMajorVersion;
				minimumVersion = 11.7.0;
			};
		};
		BF83B1B22D467CE30082A83C /* XCRemoteSwiftPackageReference "SwiftMXL" */ = {
			isa = XCRemoteSwiftPackageReference;
			repositoryURL = "https://github.com/Treata11/SwiftMXL";
			requirement = {
				branch = latest;
				kind = branch;
			};
		};
/* End XCRemoteSwiftPackageReference section */

/* Begin XCSwiftPackageProductDependency section */
		BF01AC552D45BCB100B8F30A /* MusicXML */ = {
			isa = XCSwiftPackageProductDependency;
			productName = MusicXML;
		};
		BF03FF4A2D42DFDD008BAD9D /* MusicXML */ = {
			isa = XCSwiftPackageProductDependency;
			productName = MusicXML;
		};
		BF4B83732D41227E001F67CF /* FirebaseAnalytics */ = {
			isa = XCSwiftPackageProductDependency;
			package = BF4B83722D411BF8001F67CF /* XCRemoteSwiftPackageReference "firebase-ios-sdk" */;
			productName = FirebaseAnalytics;
		};
		BF4B83752D41227E001F67CF /* FirebaseAnalyticsOnDeviceConversion */ = {
			isa = XCSwiftPackageProductDependency;
			package = BF4B83722D411BF8001F67CF /* XCRemoteSwiftPackageReference "firebase-ios-sdk" */;
			productName = FirebaseAnalyticsOnDeviceConversion;
		};
		BF4B83772D41227E001F67CF /* FirebaseAnalyticsWithoutAdIdSupport */ = {
			isa = XCSwiftPackageProductDependency;
			package = BF4B83722D411BF8001F67CF /* XCRemoteSwiftPackageReference "firebase-ios-sdk" */;
			productName = FirebaseAnalyticsWithoutAdIdSupport;
		};
		BF4B83792D41227E001F67CF /* FirebaseAppCheck */ = {
			isa = XCSwiftPackageProductDependency;
			package = BF4B83722D411BF8001F67CF /* XCRemoteSwiftPackageReference "firebase-ios-sdk" */;
			productName = FirebaseAppCheck;
		};
		BF4B837B2D41227E001F67CF /* FirebaseAppDistribution-Beta */ = {
			isa = XCSwiftPackageProductDependency;
			package = BF4B83722D411BF8001F67CF /* XCRemoteSwiftPackageReference "firebase-ios-sdk" */;
			productName = "FirebaseAppDistribution-Beta";
		};
		BF4B837F2D4125FD001F67CF /* FirebaseAuth */ = {
			isa = XCSwiftPackageProductDependency;
			package = BF4B83722D411BF8001F67CF /* XCRemoteSwiftPackageReference "firebase-ios-sdk" */;
			productName = FirebaseAuth;
		};
		BF4B83C52D427C37001F67CF /* FirebaseFirestore */ = {
			isa = XCSwiftPackageProductDependency;
			package = BF4B83722D411BF8001F67CF /* XCRemoteSwiftPackageReference "firebase-ios-sdk" */;
			productName = FirebaseFirestore;
		};
		BF83B1B32D467CE30082A83C /* SwiftMXL */ = {
			isa = XCSwiftPackageProductDependency;
			package = BF83B1B22D467CE30082A83C /* XCRemoteSwiftPackageReference "SwiftMXL" */;
			productName = SwiftMXL;
		};
		BFC005BD2D42D22300FE0703 /* CBass */ = {
			isa = XCSwiftPackageProductDependency;
			productName = CBass;
		};
		BFC005E62D42D42B00FE0703 /* AudioVisualizer */ = {
			isa = XCSwiftPackageProductDependency;
			productName = AudioVisualizer;
		};
		BFC005F22D42D9D300FE0703 /* AudioVisualizer */ = {
			isa = XCSwiftPackageProductDependency;
			productName = AudioVisualizer;
		};
		BFC005F42D42D9D300FE0703 /* Transition */ = {
			isa = XCSwiftPackageProductDependency;
			productName = Transition;
		};
/* End XCSwiftPackageProductDependency section */
	};
	rootObject = BF3B196A2D3692C5002A38A0 /* Project object */;
}
